
Microsoft Visual Studio Solution File, Format Version 12.00
# Visual Studio Version 16
VisualStudioVersion = 16.0.33529.622
MinimumVisualStudioVersion = 10.0.40219.1
Project("{FAE04EC0-301F-11D3-BF4B-00C04F79EFBC}") = "TwentyOne", "TwentyOne\TwentyOne.csproj", "{3C603069-3F78-40B1-9B79-647967691FEE}"
EndProject
Project("{FAE04EC0-301F-11D3-BF4B-00C04F79EFBC}") = "Casino", "Casino\Casino.csproj", "{DE1D5860-0BAC-4A4E-A431-7A21468683D5}"
EndProject
Global
	GlobalSection(SolutionConfigurationPlatforms) = preSolution
		Debug|Any CPU = Debug|Any CPU
		Release|Any CPU = Release|Any CPU
	EndGlobalSection
	GlobalSection(ProjectConfigurationPlatforms) = postSolution
		{3C603069-3F78-40B1-9B79-647967691FEE}.Debug|Any CPU.ActiveCfg = Debug|Any CPU
		{3C603069-3F78-40B1-9B79-647967691FEE}.Debug|Any CPU.Build.0 = Debug|Any CPU
		{3C603069-3F78-40B1-9B79-647967691FEE}.Release|Any CPU.ActiveCfg = Release|Any CPU
		{3C603069-3F78-40B1-9B79-647967691FEE}.Release|Any CPU.Build.0 = Release|Any CPU
		{DE1D5860-0BAC-4A4E-A431-7A21468683D5}.Debug|Any CPU.ActiveCfg = Debug|Any CPU
		{DE1D5860-0BAC-4A4E-A431-7A21468683D5}.Debug|Any CPU.Build.0 = Debug|Any CPU
		{DE1D5860-0BAC-4A4E-A431-7A21468683D5}.Release|Any CPU.ActiveCfg = Release|Any CPU
		{DE1D5860-0BAC-4A4E-A431-7A21468683D5}.Release|Any CPU.Build.0 = Release|Any CPU
	EndGlobalSection
	GlobalSection(SolutionProperties) = preSolution
		HideSolutionNode = FALSE
	EndGlobalSection
	GlobalSection(ExtensibilityGlobals) = postSolution
		SolutionGuid = {37A3F607-7D6C-4737-BB48-216222FC8562}
	EndGlobalSection
EndGlobal
