
Microsoft Visual Studio Solution File, Format Version 12.00
# Visual Studio Version 16
VisualStudioVersion = 16.0.33529.622
MinimumVisualStudioVersion = 10.0.40219.1
Project("{FAE04EC0-301F-11D3-BF4B-00C04F79EFBC}") = "Arrays and Lists", "Arrays and Lists\Arrays and Lists.csproj", "{C91CA0D0-F257-4188-BBBD-4A193245A6F0}"
EndProject
Global
	GlobalSection(SolutionConfigurationPlatforms) = preSolution
		Debug|Any CPU = Debug|Any CPU
		Release|Any CPU = Release|Any CPU
	EndGlobalSection
	GlobalSection(ProjectConfigurationPlatforms) = postSolution
		{C91CA0D0-F257-4188-BBBD-4A193245A6F0}.Debug|Any CPU.ActiveCfg = Debug|Any CPU
		{C91CA0D0-F257-4188-BBBD-4A193245A6F0}.Debug|Any CPU.Build.0 = Debug|Any CPU
		{C91CA0D0-F257-4188-BBBD-4A193245A6F0}.Release|Any CPU.ActiveCfg = Release|Any CPU
		{C91CA0D0-F257-4188-BBBD-4A193245A6F0}.Release|Any CPU.Build.0 = Release|Any CPU
	EndGlobalSection
	GlobalSection(SolutionProperties) = preSolution
		HideSolutionNode = FALSE
	EndGlobalSection
	GlobalSection(ExtensibilityGlobals) = postSolution
		SolutionGuid = {7B501A38-E0CC-4ABC-8E13-3605E440824D}
	EndGlobalSection
EndGlobal
