
Microsoft Visual Studio Solution File, Format Version 12.00
# Visual Studio Version 16
VisualStudioVersion = 16.0.33529.622
MinimumVisualStudioVersion = 10.0.40219.1
Project("{FAE04EC0-301F-11D3-BF4B-00C04F79EFBC}") = "Switch Challenge", "Switch Challenge\Switch Challenge.csproj", "{94B076DF-1CCD-408D-84F9-8D96B0C5F984}"
EndProject
Global
	GlobalSection(SolutionConfigurationPlatforms) = preSolution
		Debug|Any CPU = Debug|Any CPU
		Release|Any CPU = Release|Any CPU
	EndGlobalSection
	GlobalSection(ProjectConfigurationPlatforms) = postSolution
		{94B076DF-1CCD-408D-84F9-8D96B0C5F984}.Debug|Any CPU.ActiveCfg = Debug|Any CPU
		{94B076DF-1CCD-408D-84F9-8D96B0C5F984}.Debug|Any CPU.Build.0 = Debug|Any CPU
		{94B076DF-1CCD-408D-84F9-8D96B0C5F984}.Release|Any CPU.ActiveCfg = Release|Any CPU
		{94B076DF-1CCD-408D-84F9-8D96B0C5F984}.Release|Any CPU.Build.0 = Release|Any CPU
	EndGlobalSection
	GlobalSection(SolutionProperties) = preSolution
		HideSolutionNode = FALSE
	EndGlobalSection
	GlobalSection(ExtensibilityGlobals) = postSolution
		SolutionGuid = {19B48E57-CA69-437C-AA4A-6869AC5AC9BA}
	EndGlobalSection
EndGlobal
