
Microsoft Visual Studio Solution File, Format Version 12.00
# Visual Studio Version 16
VisualStudioVersion = 16.0.33529.622
MinimumVisualStudioVersion = 10.0.40219.1
Project("{FAE04EC0-301F-11D3-BF4B-00C04F79EFBC}") = "StringFunctions", "StringFunctions\StringFunctions.csproj", "{3713CCBA-40EC-4FE6-B0AC-EEEFD158AEEA}"
EndProject
Global
	GlobalSection(SolutionConfigurationPlatforms) = preSolution
		Debug|Any CPU = Debug|Any CPU
		Release|Any CPU = Release|Any CPU
	EndGlobalSection
	GlobalSection(ProjectConfigurationPlatforms) = postSolution
		{3713CCBA-40EC-4FE6-B0AC-EEEFD158AEEA}.Debug|Any CPU.ActiveCfg = Debug|Any CPU
		{3713CCBA-40EC-4FE6-B0AC-EEEFD158AEEA}.Debug|Any CPU.Build.0 = Debug|Any CPU
		{3713CCBA-40EC-4FE6-B0AC-EEEFD158AEEA}.Release|Any CPU.ActiveCfg = Release|Any CPU
		{3713CCBA-40EC-4FE6-B0AC-EEEFD158AEEA}.Release|Any CPU.Build.0 = Release|Any CPU
	EndGlobalSection
	GlobalSection(SolutionProperties) = preSolution
		HideSolutionNode = FALSE
	EndGlobalSection
	GlobalSection(ExtensibilityGlobals) = postSolution
		SolutionGuid = {5D49236B-9C83-4C01-BB91-25585557054E}
	EndGlobalSection
EndGlobal
