
Microsoft Visual Studio Solution File, Format Version 12.00
# Visual Studio Version 16
VisualStudioVersion = 16.0.33529.622
MinimumVisualStudioVersion = 10.0.40219.1
Project("{FAE04EC0-301F-11D3-BF4B-00C04F79EFBC}") = "Iteration", "Iteration\Iteration.csproj", "{AECC7115-984B-4426-B072-1558F189180F}"
EndProject
Global
	GlobalSection(SolutionConfigurationPlatforms) = preSolution
		Debug|Any CPU = Debug|Any CPU
		Release|Any CPU = Release|Any CPU
	EndGlobalSection
	GlobalSection(ProjectConfigurationPlatforms) = postSolution
		{AECC7115-984B-4426-B072-1558F189180F}.Debug|Any CPU.ActiveCfg = Debug|Any CPU
		{AECC7115-984B-4426-B072-1558F189180F}.Debug|Any CPU.Build.0 = Debug|Any CPU
		{AECC7115-984B-4426-B072-1558F189180F}.Release|Any CPU.ActiveCfg = Release|Any CPU
		{AECC7115-984B-4426-B072-1558F189180F}.Release|Any CPU.Build.0 = Release|Any CPU
	EndGlobalSection
	GlobalSection(SolutionProperties) = preSolution
		HideSolutionNode = FALSE
	EndGlobalSection
	GlobalSection(ExtensibilityGlobals) = postSolution
		SolutionGuid = {B9735D75-B96E-47B8-8B64-1484F17AE1E2}
	EndGlobalSection
EndGlobal
